
Microsoft Visual Studio Solution File, Format Version 12.00
# Visual Studio Version 17
VisualStudioVersion = 17.5.33424.131
MinimumVisualStudioVersion = 10.0.40219.1
Project("{FAE04EC0-301F-11D3-BF4B-00C04F79EFBC}") = "DemoBaoCao", "DemoBaoCao\DemoBaoCao.csproj", "{1F77D3AD-A307-48E1-8818-D5F8CDB70458}"
EndProject
Global
	GlobalSection(SolutionConfigurationPlatforms) = preSolution
		Debug|Any CPU = Debug|Any CPU
		Release|Any CPU = Release|Any CPU
	EndGlobalSection
	GlobalSection(ProjectConfigurationPlatforms) = postSolution
		{1F77D3AD-A307-48E1-8818-D5F8CDB70458}.Debug|Any CPU.ActiveCfg = Debug|Any CPU
		{1F77D3AD-A307-48E1-8818-D5F8CDB70458}.Debug|Any CPU.Build.0 = Debug|Any CPU
		{1F77D3AD-A307-48E1-8818-D5F8CDB70458}.Release|Any CPU.ActiveCfg = Release|Any CPU
		{1F77D3AD-A307-48E1-8818-D5F8CDB70458}.Release|Any CPU.Build.0 = Release|Any CPU
	EndGlobalSection
	GlobalSection(SolutionProperties) = preSolution
		HideSolutionNode = FALSE
	EndGlobalSection
	GlobalSection(ExtensibilityGlobals) = postSolution
		SolutionGuid = {14DEEAB4-F927-4196-AF95-9700709D8138}
	EndGlobalSection
EndGlobal
